lockfileVersion: '9.0'

settings:
  autoInstallPeers: true
  excludeLinksFromLockfile: false

importers:

  .:
    dependencies:
      '@tanstack/react-form':
        specifier: ^0.20.0
        version: 0.20.0(react-dom@18.3.1(react@18.3.1))(react@18.3.1)
      '@tanstack/zod-form-adapter':
        specifier: ^0.20.0
        version: 0.20.0(zod@3.23.8)
      zod:
        specifier: ^3.23.8
        version: 3.23.8

packages:

  '@tanstack/form-core@0.20.0':
    resolution: {integrity: sha512-7iOFXTSTEkTKRk7pu1v7Xa+szGE/v10jExK+Cym3dAHkK6znRTYkDt8cNaEG8TgHgLi9TRhy0jJV3yjnkqa42A==}

  '@tanstack/react-form@0.20.0':
    resolution: {integrity: sha512-46r9jjoAb/1zuzq7/bFePTYz1XHeYaeVt9UuicLpZJgqlyWlxKM7hNoLcvEPHAjZLHYB3UbDzEqCoHqW+aj/rw==}
    peerDependencies:
      react: ^17.0.0 || ^18.0.0

  '@tanstack/react-store@0.3.1':
    resolution: {integrity: sha512-PfV271d345It6FdcX4c9gd+llKGddtvau8iJnybTAWmYVyDeFWfIIkiAJ5iNITJmI02AzqgtcV3QLNBBlpBUjA==}
    peerDependencies:
      react: ^17.0.0 || ^18.0.0
      react-dom: ^17.0.0 || ^18.0.0

  '@tanstack/store@0.3.1':
    resolution: {integrity: sha512-A49KN8SpLMWaNmZGPa9K982RQ81W+m7W6iStcQVeKeVS70JZRqkF0fDwKByREPq6qz9/kS0aQFOPQ0W6wIeU5g==}

  '@tanstack/zod-form-adapter@0.20.0':
    resolution: {integrity: sha512-epBqaO0uLEe/gXHn0IUMtjqPYO/IlVMNtTKDdd86UBeaIJAomUUoa70JZaV1X3Rg9+Yr/bSSiOr/Ri481xGtCA==}
    peerDependencies:
      zod: ^3.x

  decode-formdata@0.4.0:
    resolution: {integrity: sha512-/OMUlsRLrSgHPOWCwembsFFTT4DY7Ts9GGlwK8v9yeLOyYZSPKIfn/1oOuV9UmpQ9CZi5JeyT8edunRoBOOl5g==}

  js-tokens@4.0.0:
    resolution: {integrity: sha512-RdJUflcE3cUzKiMqQgsCu06FPu9UdIJO0beYbPhHN4k6apgJtifcoCtT9bcxOpYBtpD2kCM6Sbzg4CausW/PKQ==}

  loose-envify@1.4.0:
    resolution: {integrity: sha512-lyuxPGr/Wfhrlem2CL/UcnUc1zcqKAImBDzukY7Y5F/yQiNdko6+fRLevlw1HgMySw7f611UIY408EtxRSoK3Q==}
    hasBin: true

  react-dom@18.3.1:
    resolution: {integrity: sha512-5m4nQKp+rZRb09LNH59GM4BxTh9251/ylbKIbpe7TpGxfJ+9kv6BLkLBXIjjspbgbnIBNqlI23tRnTWT0snUIw==}
    peerDependencies:
      react: ^18.3.1

  react@18.3.1:
    resolution: {integrity: sha512-wS+hAgJShR0KhEvPJArfuPVN1+Hz1t0Y6n5jLrGQbkb4urgPE/0Rve+1kMB1v/oWgHgm4WIcV+i7F2pTVj+2iQ==}
    engines: {node: '>=0.10.0'}

  rehackt@0.0.3:
    resolution: {integrity: sha512-aBRHudKhOWwsTvCbSoinzq+Lej/7R8e8UoPvLZo5HirZIIBLGAgdG7SL9QpdcBoQ7+3QYPi3lRLknAzXBlhZ7g==}
    peerDependencies:
      '@types/react': '*'
      react: '*'
    peerDependenciesMeta:
      '@types/react':
        optional: true
      react:
        optional: true

  scheduler@0.23.2:
    resolution: {integrity: sha512-UOShsPwz7NrMUqhR6t0hWjFduvOzbtv7toDH1/hIrfRNIDBnnBWd0CwJTGvTpngVlmwGCdP9/Zl/tVrDqcuYzQ==}

  use-sync-external-store@1.2.2:
    resolution: {integrity: sha512-PElTlVMwpblvbNqQ82d2n6RjStvdSoNe9FG28kNfz3WiXilJm4DdNkEzRhCZuIDwY8U08WVihhGR5iRqAwfDiw==}
    peerDependencies:
      react: ^16.8.0 || ^17.0.0 || ^18.0.0

  zod@3.23.8:
    resolution: {integrity: sha512-XBx9AXhXktjUqnepgTiE5flcKIYWi/rme0Eaj+5Y0lftuGBq+jyRu/md4WnuxqgP1ubdpNCsYEYPxrzVHD8d6g==}

snapshots:

  '@tanstack/form-core@0.20.0':
    dependencies:
      '@tanstack/store': 0.3.1

  '@tanstack/react-form@0.20.0(react-dom@18.3.1(react@18.3.1))(react@18.3.1)':
    dependencies:
      '@tanstack/form-core': 0.20.0
      '@tanstack/react-store': 0.3.1(react-dom@18.3.1(react@18.3.1))(react@18.3.1)
      decode-formdata: 0.4.0
      react: 18.3.1
      rehackt: 0.0.3(react@18.3.1)
    transitivePeerDependencies:
      - '@types/react'
      - react-dom

  '@tanstack/react-store@0.3.1(react-dom@18.3.1(react@18.3.1))(react@18.3.1)':
    dependencies:
      '@tanstack/store': 0.3.1
      react: 18.3.1
      react-dom: 18.3.1(react@18.3.1)
      use-sync-external-store: 1.2.2(react@18.3.1)

  '@tanstack/store@0.3.1': {}

  '@tanstack/zod-form-adapter@0.20.0(zod@3.23.8)':
    dependencies:
      '@tanstack/form-core': 0.20.0
      zod: 3.23.8

  decode-formdata@0.4.0: {}

  js-tokens@4.0.0: {}

  loose-envify@1.4.0:
    dependencies:
      js-tokens: 4.0.0

  react-dom@18.3.1(react@18.3.1):
    dependencies:
      loose-envify: 1.4.0
      react: 18.3.1
      scheduler: 0.23.2

  react@18.3.1:
    dependencies:
      loose-envify: 1.4.0

  rehackt@0.0.3(react@18.3.1):
    optionalDependencies:
      react: 18.3.1

  scheduler@0.23.2:
    dependencies:
      loose-envify: 1.4.0

  use-sync-external-store@1.2.2(react@18.3.1):
    dependencies:
      react: 18.3.1

  zod@3.23.8: {}
